
Microsoft Visual Studio Solution File, Format Version 12.00
# Visual Studio Version 16
VisualStudioVersion = 16.0.31624.102
MinimumVisualStudioVersion = 10.0.40219.1
Project("{FAE04EC0-301F-11D3-BF4B-00C04F79EFBC}") = "ACME Cars", "ACME Cars\ACME Cars.csproj", "{97BE39D0-5915-4D4B-9364-E60C137E6799}"
EndProject
Global
	GlobalSection(SolutionConfigurationPlatforms) = preSolution
		Debug|Any CPU = Debug|Any CPU
		Release|Any CPU = Release|Any CPU
	EndGlobalSection
	GlobalSection(ProjectConfigurationPlatforms) = postSolution
		{97BE39D0-5915-4D4B-9364-E60C137E6799}.Debug|Any CPU.ActiveCfg = Debug|Any CPU
		{97BE39D0-5915-4D4B-9364-E60C137E6799}.Debug|Any CPU.Build.0 = Debug|Any CPU
		{97BE39D0-5915-4D4B-9364-E60C137E6799}.Release|Any CPU.ActiveCfg = Release|Any CPU
		{97BE39D0-5915-4D4B-9364-E60C137E6799}.Release|Any CPU.Build.0 = Release|Any CPU
	EndGlobalSection
	GlobalSection(SolutionProperties) = preSolution
		HideSolutionNode = FALSE
	EndGlobalSection
	GlobalSection(ExtensibilityGlobals) = postSolution
		SolutionGuid = {1481C608-37EE-4E07-94FB-8A1ABCE4C938}
	EndGlobalSection
EndGlobal
